// !$*UTF8*$!
{
	archiveVersion = 1;
	classes = {
	};
	objectVersion = 48;
	objects = {

/* Begin PBXBuildFile section */
		4B793277200408A100DF59E1 /* cellEmpty.cc in Sources */ = {isa = PBXBuildFile; fileRef = 4B79321A2004089500DF59E1 /* cellEmpty.cc */; };
		4B793278200408A100DF59E1 /* potionRH.cc in Sources */ = {isa = PBXBuildFile; fileRef = 4B79321E2004089500DF59E1 /* potionRH.cc */; };
		4B793279200408A100DF59E1 /* figure.cc in Sources */ = {isa = PBXBuildFile; fileRef = 4B79321F2004089600DF59E1 /* figure.cc */; };
		4B79327A200408A100DF59E1 /* enemyDwarf.cc in Sources */ = {isa = PBXBuildFile; fileRef = 4B7932202004089600DF59E1 /* enemyDwarf.cc */; };
		4B79327B200408A100DF59E1 /* goldNormal.cc in Sources */ = {isa = PBXBuildFile; fileRef = 4B7932212004089600DF59E1 /* goldNormal.cc */; };
		4B79327C200408A100DF59E1 /* pcGoblin.cc in Sources */ = {isa = PBXBuildFile; fileRef = 4B7932242004089600DF59E1 /* pcGoblin.cc */; };
		4B79327D200408A100DF59E1 /* cellStairWay.cc in Sources */ = {isa = PBXBuildFile; fileRef = 4B7932252004089600DF59E1 /* cellStairWay.cc */; };
		4B79327E200408A100DF59E1 /* potion.cc in Sources */ = {isa = PBXBuildFile; fileRef = 4B7932262004089600DF59E1 /* potion.cc */; };
		4B79327F200408A100DF59E1 /* potionBA.cc in Sources */ = {isa = PBXBuildFile; fileRef = 4B7932272004089600DF59E1 /* potionBA.cc */; };
		4B793280200408A100DF59E1 /* pcVampire.cc in Sources */ = {isa = PBXBuildFile; fileRef = 4B7932282004089600DF59E1 /* pcVampire.cc */; };
		4B793281200408A100DF59E1 /* goldSmall.cc in Sources */ = {isa = PBXBuildFile; fileRef = 4B79322A2004089600DF59E1 /* goldSmall.cc */; };
		4B793282200408A100DF59E1 /* cellPassage.cc in Sources */ = {isa = PBXBuildFile; fileRef = 4B79322C2004089700DF59E1 /* cellPassage.cc */; };
		4B793283200408A100DF59E1 /* enemyElf.cc in Sources */ = {isa = PBXBuildFile; fileRef = 4B79322D2004089700DF59E1 /* enemyElf.cc */; };
		4B793284200408A100DF59E1 /* enemyHalfling.cc in Sources */ = {isa = PBXBuildFile; fileRef = 4B7932312004089700DF59E1 /* enemyHalfling.cc */; };
		4B793285200408A100DF59E1 /* enemyHuman.cc in Sources */ = {isa = PBXBuildFile; fileRef = 4B7932332004089700DF59E1 /* enemyHuman.cc */; };
		4B793286200408A100DF59E1 /* main.cc in Sources */ = {isa = PBXBuildFile; fileRef = 4B7932352004089700DF59E1 /* main.cc */; };
		4B793287200408A100DF59E1 /* pcShade.cc in Sources */ = {isa = PBXBuildFile; fileRef = 4B7932362004089800DF59E1 /* pcShade.cc */; };
		4B793288200408A100DF59E1 /* cellDoorWay.cc in Sources */ = {isa = PBXBuildFile; fileRef = 4B7932392004089800DF59E1 /* cellDoorWay.cc */; };
		4B793289200408A100DF59E1 /* goldMerchant.cc in Sources */ = {isa = PBXBuildFile; fileRef = 4B79323A2004089800DF59E1 /* goldMerchant.cc */; };
		4B79328A200408A100DF59E1 /* enemy.cc in Sources */ = {isa = PBXBuildFile; fileRef = 4B79323B2004089800DF59E1 /* enemy.cc */; };
		4B79328B200408A100DF59E1 /* potionWA.cc in Sources */ = {isa = PBXBuildFile; fileRef = 4B7932402004089900DF59E1 /* potionWA.cc */; };
		4B79328C200408A100DF59E1 /* item.cc in Sources */ = {isa = PBXBuildFile; fileRef = 4B7932422004089900DF59E1 /* item.cc */; };
		4B79328D200408A100DF59E1 /* floor.cc in Sources */ = {isa = PBXBuildFile; fileRef = 4B7932432004089900DF59E1 /* floor.cc */; };
		4B79328E200408A100DF59E1 /* Makefile in Sources */ = {isa = PBXBuildFile; fileRef = 4B7932442004089A00DF59E1 /* Makefile */; };
		4B79328F200408A100DF59E1 /* potionPH.cc in Sources */ = {isa = PBXBuildFile; fileRef = 4B7932452004089A00DF59E1 /* potionPH.cc */; };
		4B793290200408A100DF59E1 /* gold.cc in Sources */ = {isa = PBXBuildFile; fileRef = 4B7932482004089A00DF59E1 /* gold.cc */; };
		4B793291200408A100DF59E1 /* potionBD.cc in Sources */ = {isa = PBXBuildFile; fileRef = 4B79324F2004089B00DF59E1 /* potionBD.cc */; };
		4B793292200408A100DF59E1 /* goldDragon.cc in Sources */ = {isa = PBXBuildFile; fileRef = 4B7932502004089B00DF59E1 /* goldDragon.cc */; };
		4B793293200408A100DF59E1 /* subject.cc in Sources */ = {isa = PBXBuildFile; fileRef = 4B7932532004089C00DF59E1 /* subject.cc */; };
		4B793294200408A100DF59E1 /* dlcScoreBoard.cc in Sources */ = {isa = PBXBuildFile; fileRef = 4B7932542004089C00DF59E1 /* dlcScoreBoard.cc */; };
		4B793295200408A100DF59E1 /* thing.cc in Sources */ = {isa = PBXBuildFile; fileRef = 4B7932562004089C00DF59E1 /* thing.cc */; };
		4B793296200408A100DF59E1 /* pcDrow.cc in Sources */ = {isa = PBXBuildFile; fileRef = 4B7932592004089D00DF59E1 /* pcDrow.cc */; };
		4B793297200408A100DF59E1 /* enemyOrcs.cc in Sources */ = {isa = PBXBuildFile; fileRef = 4B79325A2004089D00DF59E1 /* enemyOrcs.cc */; };
		4B793298200408A100DF59E1 /* enemyMerchant.cc in Sources */ = {isa = PBXBuildFile; fileRef = 4B79325C2004089D00DF59E1 /* enemyMerchant.cc */; };
		4B793299200408A100DF59E1 /* cell.cc in Sources */ = {isa = PBXBuildFile; fileRef = 4B7932622004089E00DF59E1 /* cell.cc */; };
		4B79329A200408A100DF59E1 /* cellFloorTile.cc in Sources */ = {isa = PBXBuildFile; fileRef = 4B7932632004089E00DF59E1 /* cellFloorTile.cc */; };
		4B79329B200408A100DF59E1 /* potionWD.cc in Sources */ = {isa = PBXBuildFile; fileRef = 4B7932662004089E00DF59E1 /* potionWD.cc */; };
		4B79329C200408A100DF59E1 /* random.cc in Sources */ = {isa = PBXBuildFile; fileRef = 4B7932672004089E00DF59E1 /* random.cc */; };
		4B79329D200408A100DF59E1 /* textdisplay.cc in Sources */ = {isa = PBXBuildFile; fileRef = 4B79326A2004089F00DF59E1 /* textdisplay.cc */; };
		4B79329E200408A100DF59E1 /* observer.cc in Sources */ = {isa = PBXBuildFile; fileRef = 4B79326D2004089F00DF59E1 /* observer.cc */; };
		4B79329F200408A100DF59E1 /* pcTroll.cc in Sources */ = {isa = PBXBuildFile; fileRef = 4B79326E2004089F00DF59E1 /* pcTroll.cc */; };
		4B7932A0200408A100DF59E1 /* enemyDragon.cc in Sources */ = {isa = PBXBuildFile; fileRef = 4B79326F200408A000DF59E1 /* enemyDragon.cc */; };
		4B7932A1200408A100DF59E1 /* cellWall.cc in Sources */ = {isa = PBXBuildFile; fileRef = 4B793270200408A000DF59E1 /* cellWall.cc */; };
		4B7932A2200408A100DF59E1 /* pc.cc in Sources */ = {isa = PBXBuildFile; fileRef = 4B793271200408A000DF59E1 /* pc.cc */; };
/* End PBXBuildFile section */

/* Begin PBXCopyFilesBuildPhase section */
		4B7930CF2004073500DF59E1 /* CopyFiles */ = {
			isa = PBXCopyFilesBuildPhase;
			buildActionMask = 2147483647;
			dstPath = /usr/share/man/man1/;
			dstSubfolderSpec = 0;
			files = (
			);
			runOnlyForDeploymentPostprocessing = 1;
		};
/* End PBXCopyFilesBuildPhase section */

/* Begin PBXFileReference section */
		4B7930D12004073500DF59E1 /* CC3K */ = {isa = PBXFileReference; explicitFileType = "compiled.mach-o.executable"; includeInIndex = 0; path = CC3K; sourceTree = BUILT_PRODUCTS_DIR; };
		4B7932152004089500DF59E1 /* dlcMap001.txt */ = {isa = PBXFileReference; fileEncoding = 4; lastKnownFileType = text; path = dlcMap001.txt; sourceTree = "<group>"; };
		4B7932162004089500DF59E1 /* potionWD.h */ = {isa = PBXFileReference; fileEncoding = 4; lastKnownFileType = sourcecode.c.h; path = potionWD.h; sourceTree = "<group>"; };
		4B7932172004089500DF59E1 /* random.h */ = {isa = PBXFileReference; fileEncoding = 4; lastKnownFileType = sourcecode.c.h; path = random.h; sourceTree = "<group>"; };
		4B7932182004089500DF59E1 /* globalPotion.h */ = {isa = PBXFileReference; fileEncoding = 4; lastKnownFileType = sourcecode.c.h; path = globalPotion.h; sourceTree = "<group>"; };
		4B7932192004089500DF59E1 /* potionRH.h */ = {isa = PBXFileReference; fileEncoding = 4; lastKnownFileType = sourcecode.c.h; path = potionRH.h; sourceTree = "<group>"; };
		4B79321A2004089500DF59E1 /* cellEmpty.cc */ = {isa = PBXFileReference; fileEncoding = 4; lastKnownFileType = sourcecode.cpp.cpp; path = cellEmpty.cc; sourceTree = "<group>"; };
		4B79321B2004089500DF59E1 /* enemyOrcs.h */ = {isa = PBXFileReference; fileEncoding = 4; lastKnownFileType = sourcecode.c.h; path = enemyOrcs.h; sourceTree = "<group>"; };
		4B79321C2004089500DF59E1 /* potionWA.h */ = {isa = PBXFileReference; fileEncoding = 4; lastKnownFileType = sourcecode.c.h; path = potionWA.h; sourceTree = "<group>"; };
		4B79321D2004089500DF59E1 /* potionBD.h */ = {isa = PBXFileReference; fileEncoding = 4; lastKnownFileType = sourcecode.c.h; path = potionBD.h; sourceTree = "<group>"; };
		4B79321E2004089500DF59E1 /* potionRH.cc */ = {isa = PBXFileReference; fileEncoding = 4; lastKnownFileType = sourcecode.cpp.cpp; path = potionRH.cc; sourceTree = "<group>"; };
		4B79321F2004089600DF59E1 /* figure.cc */ = {isa = PBXFileReference; fileEncoding = 4; lastKnownFileType = sourcecode.cpp.cpp; path = figure.cc; sourceTree = "<group>"; };
		4B7932202004089600DF59E1 /* enemyDwarf.cc */ = {isa = PBXFileReference; fileEncoding = 4; lastKnownFileType = sourcecode.cpp.cpp; path = enemyDwarf.cc; sourceTree = "<group>"; };
		4B7932212004089600DF59E1 /* goldNormal.cc */ = {isa = PBXFileReference; fileEncoding = 4; lastKnownFileType = sourcecode.cpp.cpp; path = goldNormal.cc; sourceTree = "<group>"; };
		4B7932222004089600DF59E1 /* thing.h */ = {isa = PBXFileReference; fileEncoding = 4; lastKnownFileType = sourcecode.c.h; path = thing.h; sourceTree = "<group>"; };
		4B7932232004089600DF59E1 /* goldMerchant.h */ = {isa = PBXFileReference; fileEncoding = 4; lastKnownFileType = sourcecode.c.h; path = goldMerchant.h; sourceTree = "<group>"; };
		4B7932242004089600DF59E1 /* pcGoblin.cc */ = {isa = PBXFileReference; fileEncoding = 4; lastKnownFileType = sourcecode.cpp.cpp; path = pcGoblin.cc; sourceTree = "<group>"; };
		4B7932252004089600DF59E1 /* cellStairWay.cc */ = {isa = PBXFileReference; fileEncoding = 4; lastKnownFileType = sourcecode.cpp.cpp; path = cellStairWay.cc; sourceTree = "<group>"; };
		4B7932262004089600DF59E1 /* potion.cc */ = {isa = PBXFileReference; fileEncoding = 4; lastKnownFileType = sourcecode.cpp.cpp; path = potion.cc; sourceTree = "<group>"; };
		4B7932272004089600DF59E1 /* potionBA.cc */ = {isa = PBXFileReference; fileEncoding = 4; lastKnownFileType = sourcecode.cpp.cpp; path = potionBA.cc; sourceTree = "<group>"; };
		4B7932282004089600DF59E1 /* pcVampire.cc */ = {isa = PBXFileReference; fileEncoding = 4; lastKnownFileType = sourcecode.cpp.cpp; path = pcVampire.cc; sourceTree = "<group>"; };
		4B7932292004089600DF59E1 /* enemyDwarf.h */ = {isa = PBXFileReference; fileEncoding = 4; lastKnownFileType = sourcecode.c.h; path = enemyDwarf.h; sourceTree = "<group>"; };
		4B79322A2004089600DF59E1 /* goldSmall.cc */ = {isa = PBXFileReference; fileEncoding = 4; lastKnownFileType = sourcecode.cpp.cpp; path = goldSmall.cc; sourceTree = "<group>"; };
		4B79322B2004089600DF59E1 /* cellWall.h */ = {isa = PBXFileReference; fileEncoding = 4; lastKnownFileType = sourcecode.c.h; path = cellWall.h; sourceTree = "<group>"; };
		4B79322C2004089700DF59E1 /* cellPassage.cc */ = {isa = PBXFileReference; fileEncoding = 4; lastKnownFileType = sourcecode.cpp.cpp; path = cellPassage.cc; sourceTree = "<group>"; };
		4B79322D2004089700DF59E1 /* enemyElf.cc */ = {isa = PBXFileReference; fileEncoding = 4; lastKnownFileType = sourcecode.cpp.cpp; path = enemyElf.cc; sourceTree = "<group>"; };
		4B79322E2004089700DF59E1 /* enemyHuman.h */ = {isa = PBXFileReference; fileEncoding = 4; lastKnownFileType = sourcecode.c.h; path = enemyHuman.h; sourceTree = "<group>"; };
		4B79322F2004089700DF59E1 /* globalPC.h */ = {isa = PBXFileReference; fileEncoding = 4; lastKnownFileType = sourcecode.c.h; path = globalPC.h; sourceTree = "<group>"; };
		4B7932302004089700DF59E1 /* cellDoorWay.h */ = {isa = PBXFileReference; fileEncoding = 4; lastKnownFileType = sourcecode.c.h; path = cellDoorWay.h; sourceTree = "<group>"; };
		4B7932312004089700DF59E1 /* enemyHalfling.cc */ = {isa = PBXFileReference; fileEncoding = 4; lastKnownFileType = sourcecode.cpp.cpp; path = enemyHalfling.cc; sourceTree = "<group>"; };
		4B7932322004089700DF59E1 /* floor.h */ = {isa = PBXFileReference; fileEncoding = 4; lastKnownFileType = sourcecode.c.h; path = floor.h; sourceTree = "<group>"; };
		4B7932332004089700DF59E1 /* enemyHuman.cc */ = {isa = PBXFileReference; fileEncoding = 4; lastKnownFileType = sourcecode.cpp.cpp; path = enemyHuman.cc; sourceTree = "<group>"; };
		4B7932342004089700DF59E1 /* goldDragon.h */ = {isa = PBXFileReference; fileEncoding = 4; lastKnownFileType = sourcecode.c.h; path = goldDragon.h; sourceTree = "<group>"; };
		4B7932352004089700DF59E1 /* main.cc */ = {isa = PBXFileReference; fileEncoding = 4; lastKnownFileType = sourcecode.cpp.cpp; path = main.cc; sourceTree = "<group>"; };
		4B7932362004089800DF59E1 /* pcShade.cc */ = {isa = PBXFileReference; fileEncoding = 4; lastKnownFileType = sourcecode.cpp.cpp; path = pcShade.cc; sourceTree = "<group>"; };
		4B7932372004089800DF59E1 /* dlcTest001.txt */ = {isa = PBXFileReference; fileEncoding = 4; lastKnownFileType = text; path = dlcTest001.txt; sourceTree = "<group>"; };
		4B7932382004089800DF59E1 /* observer.h */ = {isa = PBXFileReference; fileEncoding = 4; lastKnownFileType = sourcecode.c.h; path = observer.h; sourceTree = "<group>"; };
		4B7932392004089800DF59E1 /* cellDoorWay.cc */ = {isa = PBXFileReference; fileEncoding = 4; lastKnownFileType = sourcecode.cpp.cpp; path = cellDoorWay.cc; sourceTree = "<group>"; };
		4B79323A2004089800DF59E1 /* goldMerchant.cc */ = {isa = PBXFileReference; fileEncoding = 4; lastKnownFileType = sourcecode.cpp.cpp; path = goldMerchant.cc; sourceTree = "<group>"; };
		4B79323B2004089800DF59E1 /* enemy.cc */ = {isa = PBXFileReference; fileEncoding = 4; lastKnownFileType = sourcecode.cpp.cpp; path = enemy.cc; sourceTree = "<group>"; };
		4B79323C2004089800DF59E1 /* potionBA.h */ = {isa = PBXFileReference; fileEncoding = 4; lastKnownFileType = sourcecode.c.h; path = potionBA.h; sourceTree = "<group>"; };
		4B79323D2004089900DF59E1 /* enemy.h */ = {isa = PBXFileReference; fileEncoding = 4; lastKnownFileType = sourcecode.c.h; path = enemy.h; sourceTree = "<group>"; };
		4B79323E2004089900DF59E1 /* cellPassage.h */ = {isa = PBXFileReference; fileEncoding = 4; lastKnownFileType = sourcecode.c.h; path = cellPassage.h; sourceTree = "<group>"; };
		4B79323F2004089900DF59E1 /* enemyHalfling.h */ = {isa = PBXFileReference; fileEncoding = 4; lastKnownFileType = sourcecode.c.h; path = enemyHalfling.h; sourceTree = "<group>"; };
		4B7932402004089900DF59E1 /* potionWA.cc */ = {isa = PBXFileReference; fileEncoding = 4; lastKnownFileType = sourcecode.cpp.cpp; path = potionWA.cc; sourceTree = "<group>"; };
		4B7932412004089900DF59E1 /* gold.h */ = {isa = PBXFileReference; fileEncoding = 4; lastKnownFileType = sourcecode.c.h; path = gold.h; sourceTree = "<group>"; };
		4B7932422004089900DF59E1 /* item.cc */ = {isa = PBXFileReference; fileEncoding = 4; lastKnownFileType = sourcecode.cpp.cpp; path = item.cc; sourceTree = "<group>"; };
		4B7932432004089900DF59E1 /* floor.cc */ = {isa = PBXFileReference; fileEncoding = 4; lastKnownFileType = sourcecode.cpp.cpp; path = floor.cc; sourceTree = "<group>"; };
		4B7932442004089A00DF59E1 /* Makefile */ = {isa = PBXFileReference; fileEncoding = 4; lastKnownFileType = sourcecode.make; path = Makefile; sourceTree = "<group>"; };
		4B7932452004089A00DF59E1 /* potionPH.cc */ = {isa = PBXFileReference; fileEncoding = 4; lastKnownFileType = sourcecode.cpp.cpp; path = potionPH.cc; sourceTree = "<group>"; };
		4B7932462004089A00DF59E1 /* cellFloorTile.h */ = {isa = PBXFileReference; fileEncoding = 4; lastKnownFileType = sourcecode.c.h; path = cellFloorTile.h; sourceTree = "<group>"; };
		4B7932472004089A00DF59E1 /* globalCell.h */ = {isa = PBXFileReference; fileEncoding = 4; lastKnownFileType = sourcecode.c.h; path = globalCell.h; sourceTree = "<group>"; };
		4B7932482004089A00DF59E1 /* gold.cc */ = {isa = PBXFileReference; fileEncoding = 4; lastKnownFileType = sourcecode.cpp.cpp; path = gold.cc; sourceTree = "<group>"; };
		4B7932492004089A00DF59E1 /* goldSmall.h */ = {isa = PBXFileReference; fileEncoding = 4; lastKnownFileType = sourcecode.c.h; path = goldSmall.h; sourceTree = "<group>"; };
		4B79324A2004089B00DF59E1 /* textdisplay.h */ = {isa = PBXFileReference; fileEncoding = 4; lastKnownFileType = sourcecode.c.h; path = textdisplay.h; sourceTree = "<group>"; };
		4B79324B2004089B00DF59E1 /* item.h */ = {isa = PBXFileReference; fileEncoding = 4; lastKnownFileType = sourcecode.c.h; path = item.h; sourceTree = "<group>"; };
		4B79324C2004089B00DF59E1 /* pc.h */ = {isa = PBXFileReference; fileEncoding = 4; lastKnownFileType = sourcecode.c.h; path = pc.h; sourceTree = "<group>"; };
		4B79324D2004089B00DF59E1 /* enemyMerchant.h */ = {isa = PBXFileReference; fileEncoding = 4; lastKnownFileType = sourcecode.c.h; path = enemyMerchant.h; sourceTree = "<group>"; };
		4B79324E2004089B00DF59E1 /* emptyFloor.txt */ = {isa = PBXFileReference; fileEncoding = 4; lastKnownFileType = text; path = emptyFloor.txt; sourceTree = "<group>"; };
		4B79324F2004089B00DF59E1 /* potionBD.cc */ = {isa = PBXFileReference; fileEncoding = 4; lastKnownFileType = sourcecode.cpp.cpp; path = potionBD.cc; sourceTree = "<group>"; };
		4B7932502004089B00DF59E1 /* goldDragon.cc */ = {isa = PBXFileReference; fileEncoding = 4; lastKnownFileType = sourcecode.cpp.cpp; path = goldDragon.cc; sourceTree = "<group>"; };
		4B7932512004089C00DF59E1 /* enemyDragon.h */ = {isa = PBXFileReference; fileEncoding = 4; lastKnownFileType = sourcecode.c.h; path = enemyDragon.h; sourceTree = "<group>"; };
		4B7932522004089C00DF59E1 /* potionPH.h */ = {isa = PBXFileReference; fileEncoding = 4; lastKnownFileType = sourcecode.c.h; path = potionPH.h; sourceTree = "<group>"; };
		4B7932532004089C00DF59E1 /* subject.cc */ = {isa = PBXFileReference; fileEncoding = 4; lastKnownFileType = sourcecode.cpp.cpp; path = subject.cc; sourceTree = "<group>"; };
		4B7932542004089C00DF59E1 /* dlcScoreBoard.cc */ = {isa = PBXFileReference; fileEncoding = 4; lastKnownFileType = sourcecode.cpp.cpp; path = dlcScoreBoard.cc; sourceTree = "<group>"; };
		4B7932552004089C00DF59E1 /* figure.h */ = {isa = PBXFileReference; fileEncoding = 4; lastKnownFileType = sourcecode.c.h; path = figure.h; sourceTree = "<group>"; };
		4B7932562004089C00DF59E1 /* thing.cc */ = {isa = PBXFileReference; fileEncoding = 4; lastKnownFileType = sourcecode.cpp.cpp; path = thing.cc; sourceTree = "<group>"; };
		4B7932572004089C00DF59E1 /* pcShade.h */ = {isa = PBXFileReference; fileEncoding = 4; lastKnownFileType = sourcecode.c.h; path = pcShade.h; sourceTree = "<group>"; };
		4B7932582004089C00DF59E1 /* pcTroll.h */ = {isa = PBXFileReference; fileEncoding = 4; lastKnownFileType = sourcecode.c.h; path = pcTroll.h; sourceTree = "<group>"; };
		4B7932592004089D00DF59E1 /* pcDrow.cc */ = {isa = PBXFileReference; fileEncoding = 4; lastKnownFileType = sourcecode.cpp.cpp; path = pcDrow.cc; sourceTree = "<group>"; };
		4B79325A2004089D00DF59E1 /* enemyOrcs.cc */ = {isa = PBXFileReference; fileEncoding = 4; lastKnownFileType = sourcecode.cpp.cpp; path = enemyOrcs.cc; sourceTree = "<group>"; };
		4B79325B2004089D00DF59E1 /* goldNormal.h */ = {isa = PBXFileReference; fileEncoding = 4; lastKnownFileType = sourcecode.c.h; path = goldNormal.h; sourceTree = "<group>"; };
		4B79325C2004089D00DF59E1 /* enemyMerchant.cc */ = {isa = PBXFileReference; fileEncoding = 4; lastKnownFileType = sourcecode.cpp.cpp; path = enemyMerchant.cc; sourceTree = "<group>"; };
		4B79325D2004089D00DF59E1 /* cellEmpty.h */ = {isa = PBXFileReference; fileEncoding = 4; lastKnownFileType = sourcecode.c.h; path = cellEmpty.h; sourceTree = "<group>"; };
		4B79325E2004089D00DF59E1 /* dlcTest002.txt */ = {isa = PBXFileReference; fileEncoding = 4; lastKnownFileType = text; path = dlcTest002.txt; sourceTree = "<group>"; };
		4B79325F2004089D00DF59E1 /* dlcScoreBoard.h */ = {isa = PBXFileReference; fileEncoding = 4; lastKnownFileType = sourcecode.c.h; path = dlcScoreBoard.h; sourceTree = "<group>"; };
		4B7932602004089D00DF59E1 /* pcDrow.h */ = {isa = PBXFileReference; fileEncoding = 4; lastKnownFileType = sourcecode.c.h; path = pcDrow.h; sourceTree = "<group>"; };
		4B7932612004089E00DF59E1 /* globalGold.h */ = {isa = PBXFileReference; fileEncoding = 4; lastKnownFileType = sourcecode.c.h; path = globalGold.h; sourceTree = "<group>"; };
		4B7932622004089E00DF59E1 /* cell.cc */ = {isa = PBXFileReference; fileEncoding = 4; lastKnownFileType = sourcecode.cpp.cpp; path = cell.cc; sourceTree = "<group>"; };
		4B7932632004089E00DF59E1 /* cellFloorTile.cc */ = {isa = PBXFileReference; fileEncoding = 4; lastKnownFileType = sourcecode.cpp.cpp; path = cellFloorTile.cc; sourceTree = "<group>"; };
		4B7932642004089E00DF59E1 /* enemyElf.h */ = {isa = PBXFileReference; fileEncoding = 4; lastKnownFileType = sourcecode.c.h; path = enemyElf.h; sourceTree = "<group>"; };
		4B7932652004089E00DF59E1 /* potion.h */ = {isa = PBXFileReference; fileEncoding = 4; lastKnownFileType = sourcecode.c.h; path = potion.h; sourceTree = "<group>"; };
		4B7932662004089E00DF59E1 /* potionWD.cc */ = {isa = PBXFileReference; fileEncoding = 4; lastKnownFileType = sourcecode.cpp.cpp; path = potionWD.cc; sourceTree = "<group>"; };
		4B7932672004089E00DF59E1 /* random.cc */ = {isa = PBXFileReference; fileEncoding = 4; lastKnownFileType = sourcecode.cpp.cpp; path = random.cc; sourceTree = "<group>"; };
		4B7932682004089F00DF59E1 /* pcVampire.h */ = {isa = PBXFileReference; fileEncoding = 4; lastKnownFileType = sourcecode.c.h; path = pcVampire.h; sourceTree = "<group>"; };
		4B7932692004089F00DF59E1 /* cc3kfloor.txt */ = {isa = PBXFileReference; fileEncoding = 4; lastKnownFileType = text; path = cc3kfloor.txt; sourceTree = "<group>"; };
		4B79326A2004089F00DF59E1 /* textdisplay.cc */ = {isa = PBXFileReference; fileEncoding = 4; lastKnownFileType = sourcecode.cpp.cpp; path = textdisplay.cc; sourceTree = "<group>"; };
		4B79326B2004089F00DF59E1 /* globalEnemy.h */ = {isa = PBXFileReference; fileEncoding = 4; lastKnownFileType = sourcecode.c.h; path = globalEnemy.h; sourceTree = "<group>"; };
		4B79326C2004089F00DF59E1 /* global.h */ = {isa = PBXFileReference; fileEncoding = 4; lastKnownFileType = sourcecode.c.h; path = global.h; sourceTree = "<group>"; };
		4B79326D2004089F00DF59E1 /* observer.cc */ = {isa = PBXFileReference; fileEncoding = 4; lastKnownFileType = sourcecode.cpp.cpp; path = observer.cc; sourceTree = "<group>"; };
		4B79326E2004089F00DF59E1 /* pcTroll.cc */ = {isa = PBXFileReference; fileEncoding = 4; lastKnownFileType = sourcecode.cpp.cpp; path = pcTroll.cc; sourceTree = "<group>"; };
		4B79326F200408A000DF59E1 /* enemyDragon.cc */ = {isa = PBXFileReference; fileEncoding = 4; lastKnownFileType = sourcecode.cpp.cpp; path = enemyDragon.cc; sourceTree = "<group>"; };
		4B793270200408A000DF59E1 /* cellWall.cc */ = {isa = PBXFileReference; fileEncoding = 4; lastKnownFileType = sourcecode.cpp.cpp; path = cellWall.cc; sourceTree = "<group>"; };
		4B793271200408A000DF59E1 /* pc.cc */ = {isa = PBXFileReference; fileEncoding = 4; lastKnownFileType = sourcecode.cpp.cpp; path = pc.cc; sourceTree = "<group>"; };
		4B793272200408A000DF59E1 /* cellStairWay.h */ = {isa = PBXFileReference; fileEncoding = 4; lastKnownFileType = sourcecode.c.h; path = cellStairWay.h; sourceTree = "<group>"; };
		4B793273200408A100DF59E1 /* pcGoblin.h */ = {isa = PBXFileReference; fileEncoding = 4; lastKnownFileType = sourcecode.c.h; path = pcGoblin.h; sourceTree = "<group>"; };
		4B793274200408A100DF59E1 /* cc3k */ = {isa = PBXFileReference; lastKnownFileType = file; path = cc3k; sourceTree = "<group>"; };
		4B793275200408A100DF59E1 /* cell.h */ = {isa = PBXFileReference; fileEncoding = 4; lastKnownFileType = sourcecode.c.h; path = cell.h; sourceTree = "<group>"; };
		4B793276200408A100DF59E1 /* subject.h */ = {isa = PBXFileReference; fileEncoding = 4; lastKnownFileType = sourcecode.c.h; path = subject.h; sourceTree = "<group>"; };
/* End PBXFileReference section */

/* Begin PBXFrameworksBuildPhase section */
		4B7930CE2004073500DF59E1 /* Frameworks */ = {
			isa = PBXFrameworksBuildPhase;
			buildActionMask = 2147483647;
			files = (
			);
			runOnlyForDeploymentPostprocessing = 0;
		};
/* End PBXFrameworksBuildPhase section */

/* Begin PBXGroup section */
		4B7930C82004073500DF59E1 = {
			isa = PBXGroup;
			children = (
				4B7930D32004073500DF59E1 /* CC3K */,
				4B7930D22004073500DF59E1 /* Products */,
			);
			sourceTree = "<group>";
		};
		4B7930D22004073500DF59E1 /* Products */ = {
			isa = PBXGroup;
			children = (
				4B7930D12004073500DF59E1 /* CC3K */,
			);
			name = Products;
			sourceTree = "<group>";
		};
		4B7930D32004073500DF59E1 /* CC3K */ = {
			isa = PBXGroup;
			children = (
				4B793274200408A100DF59E1 /* cc3k */,
				4B7932692004089F00DF59E1 /* cc3kfloor.txt */,
				4B7932622004089E00DF59E1 /* cell.cc */,
				4B793275200408A100DF59E1 /* cell.h */,
				4B7932392004089800DF59E1 /* cellDoorWay.cc */,
				4B7932302004089700DF59E1 /* cellDoorWay.h */,
				4B79321A2004089500DF59E1 /* cellEmpty.cc */,
				4B79325D2004089D00DF59E1 /* cellEmpty.h */,
				4B7932632004089E00DF59E1 /* cellFloorTile.cc */,
				4B7932462004089A00DF59E1 /* cellFloorTile.h */,
				4B79322C2004089700DF59E1 /* cellPassage.cc */,
				4B79323E2004089900DF59E1 /* cellPassage.h */,
				4B7932252004089600DF59E1 /* cellStairWay.cc */,
				4B793272200408A000DF59E1 /* cellStairWay.h */,
				4B793270200408A000DF59E1 /* cellWall.cc */,
				4B79322B2004089600DF59E1 /* cellWall.h */,
				4B7932152004089500DF59E1 /* dlcMap001.txt */,
				4B7932542004089C00DF59E1 /* dlcScoreBoard.cc */,
				4B79325F2004089D00DF59E1 /* dlcScoreBoard.h */,
				4B7932372004089800DF59E1 /* dlcTest001.txt */,
				4B79325E2004089D00DF59E1 /* dlcTest002.txt */,
				4B79324E2004089B00DF59E1 /* emptyFloor.txt */,
				4B79323B2004089800DF59E1 /* enemy.cc */,
				4B79323D2004089900DF59E1 /* enemy.h */,
				4B79326F200408A000DF59E1 /* enemyDragon.cc */,
				4B7932512004089C00DF59E1 /* enemyDragon.h */,
				4B7932202004089600DF59E1 /* enemyDwarf.cc */,
				4B7932292004089600DF59E1 /* enemyDwarf.h */,
				4B79322D2004089700DF59E1 /* enemyElf.cc */,
				4B7932642004089E00DF59E1 /* enemyElf.h */,
				4B7932312004089700DF59E1 /* enemyHalfling.cc */,
				4B79323F2004089900DF59E1 /* enemyHalfling.h */,
				4B7932332004089700DF59E1 /* enemyHuman.cc */,
				4B79322E2004089700DF59E1 /* enemyHuman.h */,
				4B79325C2004089D00DF59E1 /* enemyMerchant.cc */,
				4B79324D2004089B00DF59E1 /* enemyMerchant.h */,
				4B79325A2004089D00DF59E1 /* enemyOrcs.cc */,
				4B79321B2004089500DF59E1 /* enemyOrcs.h */,
				4B79321F2004089600DF59E1 /* figure.cc */,
				4B7932552004089C00DF59E1 /* figure.h */,
				4B7932432004089900DF59E1 /* floor.cc */,
				4B7932322004089700DF59E1 /* floor.h */,
				4B79326C2004089F00DF59E1 /* global.h */,
				4B7932472004089A00DF59E1 /* globalCell.h */,
				4B79326B2004089F00DF59E1 /* globalEnemy.h */,
				4B7932612004089E00DF59E1 /* globalGold.h */,
				4B79322F2004089700DF59E1 /* globalPC.h */,
				4B7932182004089500DF59E1 /* globalPotion.h */,
				4B7932482004089A00DF59E1 /* gold.cc */,
				4B7932412004089900DF59E1 /* gold.h */,
				4B7932502004089B00DF59E1 /* goldDragon.cc */,
				4B7932342004089700DF59E1 /* goldDragon.h */,
				4B79323A2004089800DF59E1 /* goldMerchant.cc */,
				4B7932232004089600DF59E1 /* goldMerchant.h */,
				4B7932212004089600DF59E1 /* goldNormal.cc */,
				4B79325B2004089D00DF59E1 /* goldNormal.h */,
				4B79322A2004089600DF59E1 /* goldSmall.cc */,
				4B7932492004089A00DF59E1 /* goldSmall.h */,
				4B7932422004089900DF59E1 /* item.cc */,
				4B79324B2004089B00DF59E1 /* item.h */,
				4B7932352004089700DF59E1 /* main.cc */,
				4B7932442004089A00DF59E1 /* Makefile */,
				4B79326D2004089F00DF59E1 /* observer.cc */,
				4B7932382004089800DF59E1 /* observer.h */,
				4B793271200408A000DF59E1 /* pc.cc */,
				4B79324C2004089B00DF59E1 /* pc.h */,
				4B7932592004089D00DF59E1 /* pcDrow.cc */,
				4B7932602004089D00DF59E1 /* pcDrow.h */,
				4B7932242004089600DF59E1 /* pcGoblin.cc */,
				4B793273200408A100DF59E1 /* pcGoblin.h */,
				4B7932362004089800DF59E1 /* pcShade.cc */,
				4B7932572004089C00DF59E1 /* pcShade.h */,
				4B79326E2004089F00DF59E1 /* pcTroll.cc */,
				4B7932582004089C00DF59E1 /* pcTroll.h */,
				4B7932282004089600DF59E1 /* pcVampire.cc */,
				4B7932682004089F00DF59E1 /* pcVampire.h */,
				4B7932262004089600DF59E1 /* potion.cc */,
				4B7932652004089E00DF59E1 /* potion.h */,
				4B7932272004089600DF59E1 /* potionBA.cc */,
				4B79323C2004089800DF59E1 /* potionBA.h */,
				4B79324F2004089B00DF59E1 /* potionBD.cc */,
				4B79321D2004089500DF59E1 /* potionBD.h */,
				4B7932452004089A00DF59E1 /* potionPH.cc */,
				4B7932522004089C00DF59E1 /* potionPH.h */,
				4B79321E2004089500DF59E1 /* potionRH.cc */,
				4B7932192004089500DF59E1 /* potionRH.h */,
				4B7932402004089900DF59E1 /* potionWA.cc */,
				4B79321C2004089500DF59E1 /* potionWA.h */,
				4B7932662004089E00DF59E1 /* potionWD.cc */,
				4B7932162004089500DF59E1 /* potionWD.h */,
				4B7932672004089E00DF59E1 /* random.cc */,
				4B7932172004089500DF59E1 /* random.h */,
				4B7932532004089C00DF59E1 /* subject.cc */,
				4B793276200408A100DF59E1 /* subject.h */,
				4B79326A2004089F00DF59E1 /* textdisplay.cc */,
				4B79324A2004089B00DF59E1 /* textdisplay.h */,
				4B7932562004089C00DF59E1 /* thing.cc */,
				4B7932222004089600DF59E1 /* thing.h */,
			);
			path = CC3K;
			sourceTree = "<group>";
		};
/* End PBXGroup section */

/* Begin PBXNativeTarget section */
		4B7930D02004073500DF59E1 /* CC3K */ = {
			isa = PBXNativeTarget;
			buildConfigurationList = 4B7930D82004073500DF59E1 /* Build configuration list for PBXNativeTarget "CC3K" */;
			buildPhases = (
				4B7930CD2004073500DF59E1 /* Sources */,
				4B7930CE2004073500DF59E1 /* Frameworks */,
				4B7930CF2004073500DF59E1 /* CopyFiles */,
			);
			buildRules = (
			);
			dependencies = (
			);
			name = CC3K;
			productName = CC3K;
			productReference = 4B7930D12004073500DF59E1 /* CC3K */;
			productType = "com.apple.product-type.tool";
		};
/* End PBXNativeTarget section */

/* Begin PBXProject section */
		4B7930C92004073500DF59E1 /* Project object */ = {
			isa = PBXProject;
			attributes = {
				LastUpgradeCheck = 0920;
				ORGANIZATIONNAME = Derrick;
				TargetAttributes = {
					4B7930D02004073500DF59E1 = {
						CreatedOnToolsVersion = 9.2;
						ProvisioningStyle = Automatic;
					};
				};
			};
			buildConfigurationList = 4B7930CC2004073500DF59E1 /* Build configuration list for PBXProject "CC3K" */;
			compatibilityVersion = "Xcode 8.0";
			developmentRegion = en;
			hasScannedForEncodings = 0;
			knownRegions = (
				en,
			);
			mainGroup = 4B7930C82004073500DF59E1;
			productRefGroup = 4B7930D22004073500DF59E1 /* Products */;
			projectDirPath = "";
			projectRoot = "";
			targets = (
				4B7930D02004073500DF59E1 /* CC3K */,
			);
		};
/* End PBXProject section */

/* Begin PBXSourcesBuildPhase section */
		4B7930CD2004073500DF59E1 /* Sources */ = {
			isa = PBXSourcesBuildPhase;
			buildActionMask = 2147483647;
			files = (
				4B7932A2200408A100DF59E1 /* pc.cc in Sources */,
				4B79329F200408A100DF59E1 /* pcTroll.cc in Sources */,
				4B793291200408A100DF59E1 /* potionBD.cc in Sources */,
				4B79328D200408A100DF59E1 /* floor.cc in Sources */,
				4B793295200408A100DF59E1 /* thing.cc in Sources */,
				4B793286200408A100DF59E1 /* main.cc in Sources */,
				4B793294200408A100DF59E1 /* dlcScoreBoard.cc in Sources */,
				4B79327F200408A100DF59E1 /* potionBA.cc in Sources */,
				4B793279200408A100DF59E1 /* figure.cc in Sources */,
				4B793293200408A100DF59E1 /* subject.cc in Sources */,
				4B79329A200408A100DF59E1 /* cellFloorTile.cc in Sources */,
				4B79327C200408A100DF59E1 /* pcGoblin.cc in Sources */,
				4B793292200408A100DF59E1 /* goldDragon.cc in Sources */,
				4B793284200408A100DF59E1 /* enemyHalfling.cc in Sources */,
				4B793297200408A100DF59E1 /* enemyOrcs.cc in Sources */,
				4B79328E200408A100DF59E1 /* Makefile in Sources */,
				4B793296200408A100DF59E1 /* pcDrow.cc in Sources */,
				4B793299200408A100DF59E1 /* cell.cc in Sources */,
				4B793280200408A100DF59E1 /* pcVampire.cc in Sources */,
				4B79328A200408A100DF59E1 /* enemy.cc in Sources */,
				4B793298200408A100DF59E1 /* enemyMerchant.cc in Sources */,
				4B793278200408A100DF59E1 /* potionRH.cc in Sources */,
				4B793287200408A100DF59E1 /* pcShade.cc in Sources */,
				4B793290200408A100DF59E1 /* gold.cc in Sources */,
				4B79327B200408A100DF59E1 /* goldNormal.cc in Sources */,
				4B79329E200408A100DF59E1 /* observer.cc in Sources */,
				4B7932A1200408A100DF59E1 /* cellWall.cc in Sources */,
				4B7932A0200408A100DF59E1 /* enemyDragon.cc in Sources */,
				4B793288200408A100DF59E1 /* cellDoorWay.cc in Sources */,
				4B793283200408A100DF59E1 /* enemyElf.cc in Sources */,
				4B79328C200408A100DF59E1 /* item.cc in Sources */,
				4B79329D200408A100DF59E1 /* textdisplay.cc in Sources */,
				4B79329C200408A100DF59E1 /* random.cc in Sources */,
				4B793282200408A100DF59E1 /* cellPassage.cc in Sources */,
				4B793277200408A100DF59E1 /* cellEmpty.cc in Sources */,
				4B79327D200408A100DF59E1 /* cellStairWay.cc in Sources */,
				4B79328F200408A100DF59E1 /* potionPH.cc in Sources */,
				4B793289200408A100DF59E1 /* goldMerchant.cc in Sources */,
				4B79329B200408A100DF59E1 /* potionWD.cc in Sources */,
				4B79327E200408A100DF59E1 /* potion.cc in Sources */,
				4B79327A200408A100DF59E1 /* enemyDwarf.cc in Sources */,
				4B79328B200408A100DF59E1 /* potionWA.cc in Sources */,
				4B793285200408A100DF59E1 /* enemyHuman.cc in Sources */,
				4B793281200408A100DF59E1 /* goldSmall.cc in Sources */,
			);
			runOnlyForDeploymentPostprocessing = 0;
		};
/* End PBXSourcesBuildPhase section */

/* Begin XCBuildConfiguration section */
		4B7930D62004073500DF59E1 /* Debug */ = {
			isa = XCBuildConfiguration;
			buildSettings = {
				ALWAYS_SEARCH_USER_PATHS = NO;
				CLANG_ANALYZER_NONNULL = YES;
				CLANG_ANALYZER_NUMBER_OBJECT_CONVERSION = YES_AGGRESSIVE;
				CLANG_CXX_LANGUAGE_STANDARD = "gnu++14";
				CLANG_CXX_LIBRARY = "libc++";
				CLANG_ENABLE_MODULES = YES;
				CLANG_ENABLE_OBJC_ARC = YES;
				CLANG_WARN_BLOCK_CAPTURE_AUTORELEASING = YES;
				CLANG_WARN_BOOL_CONVERSION = YES;
				CLANG_WARN_COMMA = YES;
				CLANG_WARN_CONSTANT_CONVERSION = YES;
				CLANG_WARN_DIRECT_OBJC_ISA_USAGE = YES_ERROR;
				CLANG_WARN_DOCUMENTATION_COMMENTS = YES;
				CLANG_WARN_EMPTY_BODY = YES;
				CLANG_WARN_ENUM_CONVERSION = YES;
				CLANG_WARN_INFINITE_RECURSION = YES;
				CLANG_WARN_INT_CONVERSION = YES;
				CLANG_WARN_NON_LITERAL_NULL_CONVERSION = YES;
				CLANG_WARN_OBJC_LITERAL_CONVERSION = YES;
				CLANG_WARN_OBJC_ROOT_CLASS = YES_ERROR;
				CLANG_WARN_RANGE_LOOP_ANALYSIS = YES;
				CLANG_WARN_STRICT_PROTOTYPES = YES;
				CLANG_WARN_SUSPICIOUS_MOVE = YES;
				CLANG_WARN_UNGUARDED_AVAILABILITY = YES_AGGRESSIVE;
				CLANG_WARN_UNREACHABLE_CODE = YES;
				CLANG_WARN__DUPLICATE_METHOD_MATCH = YES;
				CODE_SIGN_IDENTITY = "-";
				COPY_PHASE_STRIP = NO;
				DEBUG_INFORMATION_FORMAT = dwarf;
				ENABLE_STRICT_OBJC_MSGSEND = YES;
				ENABLE_TESTABILITY = YES;
				GCC_C_LANGUAGE_STANDARD = gnu11;
				GCC_DYNAMIC_NO_PIC = NO;
				GCC_NO_COMMON_BLOCKS = YES;
				GCC_OPTIMIZATION_LEVEL = 0;
				GCC_PREPROCESSOR_DEFINITIONS = (
					"DEBUG=1",
					"$(inherited)",
				);
				GCC_WARN_64_TO_32_BIT_CONVERSION = YES;
				GCC_WARN_ABOUT_RETURN_TYPE = YES_ERROR;
				GCC_WARN_UNDECLARED_SELECTOR = YES;
				GCC_WARN_UNINITIALIZED_AUTOS = YES_AGGRESSIVE;
				GCC_WARN_UNUSED_FUNCTION = YES;
				GCC_WARN_UNUSED_VARIABLE = YES;
				MACOSX_DEPLOYMENT_TARGET = 10.12;
				MTL_ENABLE_DEBUG_INFO = YES;
				ONLY_ACTIVE_ARCH = YES;
				SDKROOT = macosx;
			};
			name = Debug;
		};
		4B7930D72004073500DF59E1 /* Release */ = {
			isa = XCBuildConfiguration;
			buildSettings = {
				ALWAYS_SEARCH_USER_PATHS = NO;
				CLANG_ANALYZER_NONNULL = YES;
				CLANG_ANALYZER_NUMBER_OBJECT_CONVERSION = YES_AGGRESSIVE;
				CLANG_CXX_LANGUAGE_STANDARD = "gnu++14";
				CLANG_CXX_LIBRARY = "libc++";
				CLANG_ENABLE_MODULES = YES;
				CLANG_ENABLE_OBJC_ARC = YES;
				CLANG_WARN_BLOCK_CAPTURE_AUTORELEASING = YES;
				CLANG_WARN_BOOL_CONVERSION = YES;
				CLANG_WARN_COMMA = YES;
				CLANG_WARN_CONSTANT_CONVERSION = YES;
				CLANG_WARN_DIRECT_OBJC_ISA_USAGE = YES_ERROR;
				CLANG_WARN_DOCUMENTATION_COMMENTS = YES;
				CLANG_WARN_EMPTY_BODY = YES;
				CLANG_WARN_ENUM_CONVERSION = YES;
				CLANG_WARN_INFINITE_RECURSION = YES;
				CLANG_WARN_INT_CONVERSION = YES;
				CLANG_WARN_NON_LITERAL_NULL_CONVERSION = YES;
				CLANG_WARN_OBJC_LITERAL_CONVERSION = YES;
				CLANG_WARN_OBJC_ROOT_CLASS = YES_ERROR;
				CLANG_WARN_RANGE_LOOP_ANALYSIS = YES;
				CLANG_WARN_STRICT_PROTOTYPES = YES;
				CLANG_WARN_SUSPICIOUS_MOVE = YES;
				CLANG_WARN_UNGUARDED_AVAILABILITY = YES_AGGRESSIVE;
				CLANG_WARN_UNREACHABLE_CODE = YES;
				CLANG_WARN__DUPLICATE_METHOD_MATCH = YES;
				CODE_SIGN_IDENTITY = "-";
				COPY_PHASE_STRIP = NO;
				DEBUG_INFORMATION_FORMAT = "dwarf-with-dsym";
				ENABLE_NS_ASSERTIONS = NO;
				ENABLE_STRICT_OBJC_MSGSEND = YES;
				GCC_C_LANGUAGE_STANDARD = gnu11;
				GCC_NO_COMMON_BLOCKS = YES;
				GCC_WARN_64_TO_32_BIT_CONVERSION = YES;
				GCC_WARN_ABOUT_RETURN_TYPE = YES_ERROR;
				GCC_WARN_UNDECLARED_SELECTOR = YES;
				GCC_WARN_UNINITIALIZED_AUTOS = YES_AGGRESSIVE;
				GCC_WARN_UNUSED_FUNCTION = YES;
				GCC_WARN_UNUSED_VARIABLE = YES;
				MACOSX_DEPLOYMENT_TARGET = 10.12;
				MTL_ENABLE_DEBUG_INFO = NO;
				SDKROOT = macosx;
			};
			name = Release;
		};
		4B7930D92004073500DF59E1 /* Debug */ = {
			isa = XCBuildConfiguration;
			buildSettings = {
				CODE_SIGN_STYLE = Automatic;
				PRODUCT_NAME = "$(TARGET_NAME)";
			};
			name = Debug;
		};
		4B7930DA2004073500DF59E1 /* Release */ = {
			isa = XCBuildConfiguration;
			buildSettings = {
				CODE_SIGN_STYLE = Automatic;
				PRODUCT_NAME = "$(TARGET_NAME)";
			};
			name = Release;
		};
/* End XCBuildConfiguration section */

/* Begin XCConfigurationList section */
		4B7930CC2004073500DF59E1 /* Build configuration list for PBXProject "CC3K" */ = {
			isa = XCConfigurationList;
			buildConfigurations = (
				4B7930D62004073500DF59E1 /* Debug */,
				4B7930D72004073500DF59E1 /* Release */,
			);
			defaultConfigurationIsVisible = 0;
			defaultConfigurationName = Release;
		};
		4B7930D82004073500DF59E1 /* Build configuration list for PBXNativeTarget "CC3K" */ = {
			isa = XCConfigurationList;
			buildConfigurations = (
				4B7930D92004073500DF59E1 /* Debug */,
				4B7930DA2004073500DF59E1 /* Release */,
			);
			defaultConfigurationIsVisible = 0;
			defaultConfigurationName = Release;
		};
/* End XCConfigurationList section */
	};
	rootObject = 4B7930C92004073500DF59E1 /* Project object */;
}
